
Microsoft Visual Studio Solution File, Format Version 12.00
# Visual Studio 14
VisualStudioVersion = 14.0.24720.0
MinimumVisualStudioVersion = 10.0.40219.1
Project("{FAE04EC0-301F-11D3-BF4B-00C04F79EFBC}") = "Tehtava1", "Tehtava1\Tehtava1.csproj", "{BBFDB3F8-2232-4C51-A154-1DFFF2E75FE7}"
EndProject
Project("{FAE04EC0-301F-11D3-BF4B-00C04F79EFBC}") = "H1MediaPlayer", "H1MediaPlayer\H1MediaPlayer.csproj", "{74469E55-5043-4233-99E5-31E9A99C4A6E}"
EndProject
Project("{FAE04EC0-301F-11D3-BF4B-00C04F79EFBC}") = "H3MittausData", "H3MittausData\H3MittausData.csproj", "{8E18F019-4FFD-4202-9C73-0EA0DAE3521B}"
EndProject
Project("{FAE04EC0-301F-11D3-BF4B-00C04F79EFBC}") = "H4TyontekijatConsole", "H4TyontekijatConsole\H4TyontekijatConsole.csproj", "{9A1661AB-DAE7-4394-9297-1C0C7D8CF3C1}"
EndProject
Project("{FAE04EC0-301F-11D3-BF4B-00C04F79EFBC}") = "H4TyontekijatWpf", "H4TyontekijatWpf\H4TyontekijatWpf.csproj", "{D5848057-94B1-4949-8794-4A2E039FBF4D}"
EndProject
Project("{FAE04EC0-301F-11D3-BF4B-00C04F79EFBC}") = "H5Movies", "H5Movies\H5Movies.csproj", "{B18F8CA3-5CDD-49FC-B786-3BF43B8185A7}"
EndProject
Project("{FAE04EC0-301F-11D3-BF4B-00C04F79EFBC}") = "H6DataBinding", "H6DataBinding\H6DataBinding.csproj", "{E7C34D46-3B67-44DC-B846-6DE9780268C6}"
EndProject
Project("{FAE04EC0-301F-11D3-BF4B-00C04F79EFBC}") = "H7ADONETConsole", "H7ADONETConsole\H7ADONETConsole.csproj", "{B19AA0F0-05DA-4761-B9AE-BA1C06E21D2E}"
EndProject
Project("{FAE04EC0-301F-11D3-BF4B-00C04F79EFBC}") = "H8ADONETLasnaolotWPF", "H8ADONETLasnaolotWPF\H8ADONETLasnaolotWPF.csproj", "{904FCF5D-8665-4901-9135-D131264DE6E5}"
EndProject
Project("{FAE04EC0-301F-11D3-BF4B-00C04F79EFBC}") = "H9BookshopORM", "H9BookshopORM\H9BookshopORM.csproj", "{4CDB20FF-7877-4FF5-8EFF-2C209E487946}"
EndProject
Global
	GlobalSection(SolutionConfigurationPlatforms) = preSolution
		Debug|Any CPU = Debug|Any CPU
		Release|Any CPU = Release|Any CPU
	EndGlobalSection
	GlobalSection(ProjectConfigurationPlatforms) = postSolution
		{BBFDB3F8-2232-4C51-A154-1DFFF2E75FE7}.Debug|Any CPU.ActiveCfg = Debug|Any CPU
		{BBFDB3F8-2232-4C51-A154-1DFFF2E75FE7}.Debug|Any CPU.Build.0 = Debug|Any CPU
		{BBFDB3F8-2232-4C51-A154-1DFFF2E75FE7}.Release|Any CPU.ActiveCfg = Release|Any CPU
		{BBFDB3F8-2232-4C51-A154-1DFFF2E75FE7}.Release|Any CPU.Build.0 = Release|Any CPU
		{74469E55-5043-4233-99E5-31E9A99C4A6E}.Debug|Any CPU.ActiveCfg = Debug|Any CPU
		{74469E55-5043-4233-99E5-31E9A99C4A6E}.Debug|Any CPU.Build.0 = Debug|Any CPU
		{74469E55-5043-4233-99E5-31E9A99C4A6E}.Release|Any CPU.ActiveCfg = Release|Any CPU
		{74469E55-5043-4233-99E5-31E9A99C4A6E}.Release|Any CPU.Build.0 = Release|Any CPU
		{8E18F019-4FFD-4202-9C73-0EA0DAE3521B}.Debug|Any CPU.ActiveCfg = Debug|Any CPU
		{8E18F019-4FFD-4202-9C73-0EA0DAE3521B}.Debug|Any CPU.Build.0 = Debug|Any CPU
		{8E18F019-4FFD-4202-9C73-0EA0DAE3521B}.Release|Any CPU.ActiveCfg = Release|Any CPU
		{8E18F019-4FFD-4202-9C73-0EA0DAE3521B}.Release|Any CPU.Build.0 = Release|Any CPU
		{9A1661AB-DAE7-4394-9297-1C0C7D8CF3C1}.Debug|Any CPU.ActiveCfg = Debug|Any CPU
		{9A1661AB-DAE7-4394-9297-1C0C7D8CF3C1}.Debug|Any CPU.Build.0 = Debug|Any CPU
		{9A1661AB-DAE7-4394-9297-1C0C7D8CF3C1}.Release|Any CPU.ActiveCfg = Release|Any CPU
		{9A1661AB-DAE7-4394-9297-1C0C7D8CF3C1}.Release|Any CPU.Build.0 = Release|Any CPU
		{D5848057-94B1-4949-8794-4A2E039FBF4D}.Debug|Any CPU.ActiveCfg = Debug|Any CPU
		{D5848057-94B1-4949-8794-4A2E039FBF4D}.Debug|Any CPU.Build.0 = Debug|Any CPU
		{D5848057-94B1-4949-8794-4A2E039FBF4D}.Release|Any CPU.ActiveCfg = Release|Any CPU
		{D5848057-94B1-4949-8794-4A2E039FBF4D}.Release|Any CPU.Build.0 = Release|Any CPU
		{B18F8CA3-5CDD-49FC-B786-3BF43B8185A7}.Debug|Any CPU.ActiveCfg = Debug|Any CPU
		{B18F8CA3-5CDD-49FC-B786-3BF43B8185A7}.Debug|Any CPU.Build.0 = Debug|Any CPU
		{B18F8CA3-5CDD-49FC-B786-3BF43B8185A7}.Release|Any CPU.ActiveCfg = Release|Any CPU
		{B18F8CA3-5CDD-49FC-B786-3BF43B8185A7}.Release|Any CPU.Build.0 = Release|Any CPU
		{E7C34D46-3B67-44DC-B846-6DE9780268C6}.Debug|Any CPU.ActiveCfg = Debug|Any CPU
		{E7C34D46-3B67-44DC-B846-6DE9780268C6}.Debug|Any CPU.Build.0 = Debug|Any CPU
		{E7C34D46-3B67-44DC-B846-6DE9780268C6}.Release|Any CPU.ActiveCfg = Release|Any CPU
		{E7C34D46-3B67-44DC-B846-6DE9780268C6}.Release|Any CPU.Build.0 = Release|Any CPU
		{B19AA0F0-05DA-4761-B9AE-BA1C06E21D2E}.Debug|Any CPU.ActiveCfg = Debug|Any CPU
		{B19AA0F0-05DA-4761-B9AE-BA1C06E21D2E}.Debug|Any CPU.Build.0 = Debug|Any CPU
		{B19AA0F0-05DA-4761-B9AE-BA1C06E21D2E}.Release|Any CPU.ActiveCfg = Release|Any CPU
		{B19AA0F0-05DA-4761-B9AE-BA1C06E21D2E}.Release|Any CPU.Build.0 = Release|Any CPU
		{904FCF5D-8665-4901-9135-D131264DE6E5}.Debug|Any CPU.ActiveCfg = Debug|Any CPU
		{904FCF5D-8665-4901-9135-D131264DE6E5}.Debug|Any CPU.Build.0 = Debug|Any CPU
		{904FCF5D-8665-4901-9135-D131264DE6E5}.Release|Any CPU.ActiveCfg = Release|Any CPU
		{904FCF5D-8665-4901-9135-D131264DE6E5}.Release|Any CPU.Build.0 = Release|Any CPU
		{4CDB20FF-7877-4FF5-8EFF-2C209E487946}.Debug|Any CPU.ActiveCfg = Debug|Any CPU
		{4CDB20FF-7877-4FF5-8EFF-2C209E487946}.Debug|Any CPU.Build.0 = Debug|Any CPU
		{4CDB20FF-7877-4FF5-8EFF-2C209E487946}.Release|Any CPU.ActiveCfg = Release|Any CPU
		{4CDB20FF-7877-4FF5-8EFF-2C209E487946}.Release|Any CPU.Build.0 = Release|Any CPU
	EndGlobalSection
	GlobalSection(SolutionProperties) = preSolution
		HideSolutionNode = FALSE
	EndGlobalSection
EndGlobal
